
Microsoft Visual Studio Solution File, Format Version 12.00
# Visual Studio Version 17
VisualStudioVersion = 17.8.34322.80
MinimumVisualStudioVersion = 10.0.40219.1
Project("{9A19103F-16F7-4668-BE54-9A1E7A4F7556}") = "DataStructures", "DataStructures.csproj", "{D31C8A5F-623C-4EBD-B4A5-BFB792A0E1F6}"
EndProject
Global
	GlobalSection(SolutionConfigurationPlatforms) = preSolution
		Debug|Any CPU = Debug|Any CPU
		Release|Any CPU = Release|Any CPU
	EndGlobalSection
	GlobalSection(ProjectConfigurationPlatforms) = postSolution
		{D31C8A5F-623C-4EBD-B4A5-BFB792A0E1F6}.Debug|Any CPU.ActiveCfg = Debug|Any CPU
		{D31C8A5F-623C-4EBD-B4A5-BFB792A0E1F6}.Debug|Any CPU.Build.0 = Debug|Any CPU
		{D31C8A5F-623C-4EBD-B4A5-BFB792A0E1F6}.Release|Any CPU.ActiveCfg = Release|Any CPU
		{D31C8A5F-623C-4EBD-B4A5-BFB792A0E1F6}.Release|Any CPU.Build.0 = Release|Any CPU
	EndGlobalSection
	GlobalSection(SolutionProperties) = preSolution
		HideSolutionNode = FALSE
	EndGlobalSection
	GlobalSection(ExtensibilityGlobals) = postSolution
		SolutionGuid = {4BD4DDF9-C46A-4DF4-8718-B6DA2BD35242}
	EndGlobalSection
EndGlobal
